PODS:
  - Apollo (0.21.0):
    - Apollo/Core (= 0.21.0)
  - Apollo/Core (0.21.0)

DEPENDENCIES:
  - Apollo (~> 0.21.0)

SPEC REPOS:
  trunk:
    - Apollo

SPEC CHECKSUMS:
  Apollo: 56a0aa81b744bf2810a8277e705f155c91ac9055

PODFILE CHECKSUM: 2c31922256410bcbc19fb3211e36662f28dc51e2

COCOAPODS: 1.8.4
