PODS:
  - Apollo (0.16.1):
    - Apollo/Core (= 0.16.1)
  - Apollo/Core (0.16.1)

DEPENDENCIES:
  - Apollo (~> 0.16.1)

SPEC REPOS:
  trunk:
    - Apollo

SPEC CHECKSUMS:
  Apollo: 2b08fca48664d25e1dc8635f0ad128483ccba43b

PODFILE CHECKSUM: a8f6e074e30590f8b99a131b9f8298fedc2353bc

COCOAPODS: 1.8.3
