// !$*UTF8*$!
{
	archiveVersion = 1;
	classes = {
	};
	objectVersion = 51;
	objects = {

/* Begin PBXBuildFile section */
		618A0697D2E17B2DB176DE7D /* Pods_FrontPage.framework in Frameworks */ = {isa = PBXBuildFile; fileRef = 79834A5F2BAB609552638617 /* Pods_FrontPage.framework */; };
		9F12A39120AC5A310097DC1B /* API.swift in Sources */ = {isa = PBXBuildFile; fileRef = 9F12A38C20AC5A300097DC1B /* API.swift */; };
		9F12A39220AC5A310097DC1B /* PostTableViewCell.graphql in Resources */ = {isa = PBXBuildFile; fileRef = 9F12A38D20AC5A300097DC1B /* PostTableViewCell.graphql */; };
		9F12A39320AC5A310097DC1B /* PostListViewController.swift in Sources */ = {isa = PBXBuildFile; fileRef = 9F12A38E20AC5A300097DC1B /* PostListViewController.swift */; };
		9F12A39420AC5A310097DC1B /* PostTableViewCell.swift in Sources */ = {isa = PBXBuildFile; fileRef = 9F12A38F20AC5A300097DC1B /* PostTableViewCell.swift */; };
		9F12A39520AC5A310097DC1B /* PostListViewController.graphql in Resources */ = {isa = PBXBuildFile; fileRef = 9F12A39020AC5A310097DC1B /* PostListViewController.graphql */; };
		9F5B107520AC57D100BAE436 /* AppDelegate.swift in Sources */ = {isa = PBXBuildFile; fileRef = 9F5B107420AC57D100BAE436 /* AppDelegate.swift */; };
		9F5B107A20AC57D100BAE436 /* Main.storyboard in Resources */ = {isa = PBXBuildFile; fileRef = 9F5B107820AC57D100BAE436 /* Main.storyboard */; };
		9F5B107C20AC57D200BAE436 /* Assets.xcassets in Resources */ = {isa = PBXBuildFile; fileRef = 9F5B107B20AC57D200BAE436 /* Assets.xcassets */; };
		9F5B107F20AC57D200BAE436 /* LaunchScreen.storyboard in Resources */ = {isa = PBXBuildFile; fileRef = 9F5B107D20AC57D200BAE436 /* LaunchScreen.storyboard */; };
/* End PBXBuildFile section */

/* Begin PBXCopyFilesBuildPhase section */
		9F12A3B520AC5ACB0097DC1B /* Embed Frameworks */ = {
			isa = PBXCopyFilesBuildPhase;
			buildActionMask = 2147483647;
			dstPath = "";
			dstSubfolderSpec = 10;
			files = (
			);
			name = "Embed Frameworks";
			runOnlyForDeploymentPostprocessing = 0;
		};
/* End PBXCopyFilesBuildPhase section */

/* Begin PBXFileReference section */
		530175793A47602FFA35560B /* Pods-FrontPage.release.xcconfig */ = {isa = PBXFileReference; includeInIndex = 1; lastKnownFileType = text.xcconfig; name = "Pods-FrontPage.release.xcconfig"; path = "Pods/Target Support Files/Pods-FrontPage/Pods-FrontPage.release.xcconfig"; sourceTree = "<group>"; };
		6972FD3A127F23953FA4CF6E /* Pods-FrontPage.debug.xcconfig */ = {isa = PBXFileReference; includeInIndex = 1; lastKnownFileType = text.xcconfig; name = "Pods-FrontPage.debug.xcconfig"; path = "Pods/Target Support Files/Pods-FrontPage/Pods-FrontPage.debug.xcconfig"; sourceTree = "<group>"; };
		79834A5F2BAB609552638617 /* Pods_FrontPage.framework */ = {isa = PBXFileReference; explicitFileType = wrapper.framework; includeInIndex = 0; path = Pods_FrontPage.framework; sourceTree = BUILT_PRODUCTS_DIR; };
		9F12A38C20AC5A300097DC1B /* API.swift */ = {isa = PBXFileReference; fileEncoding = 4; lastKnownFileType = sourcecode.swift; path = API.swift; sourceTree = "<group>"; };
		9F12A38D20AC5A300097DC1B /* PostTableViewCell.graphql */ = {isa = PBXFileReference; fileEncoding = 4; lastKnownFileType = text; path = PostTableViewCell.graphql; sourceTree = "<group>"; };
		9F12A38E20AC5A300097DC1B /* PostListViewController.swift */ = {isa = PBXFileReference; fileEncoding = 4; lastKnownFileType = sourcecode.swift; path = PostListViewController.swift; sourceTree = "<group>"; };
		9F12A38F20AC5A300097DC1B /* PostTableViewCell.swift */ = {isa = PBXFileReference; fileEncoding = 4; lastKnownFileType = sourcecode.swift; path = PostTableViewCell.swift; sourceTree = "<group>"; };
		9F12A39020AC5A310097DC1B /* PostListViewController.graphql */ = {isa = PBXFileReference; fileEncoding = 4; lastKnownFileType = text; path = PostListViewController.graphql; sourceTree = "<group>"; };
		9F5B107120AC57D100BAE436 /* FrontPage.app */ = {isa = PBXFileReference; explicitFileType = wrapper.application; includeInIndex = 0; path = FrontPage.app; sourceTree = BUILT_PRODUCTS_DIR; };
		9F5B107420AC57D100BAE436 /* AppDelegate.swift */ = {isa = PBXFileReference; lastKnownFileType = sourcecode.swift; path = AppDelegate.swift; sourceTree = "<group>"; };
		9F5B107920AC57D100BAE436 /* Base */ = {isa = PBXFileReference; lastKnownFileType = file.storyboard; name = Base; path = Base.lproj/Main.storyboard; sourceTree = "<group>"; };
		9F5B107B20AC57D200BAE436 /* Assets.xcassets */ = {isa = PBXFileReference; lastKnownFileType = folder.assetcatalog; path = Assets.xcassets; sourceTree = "<group>"; };
		9F5B107E20AC57D200BAE436 /* Base */ = {isa = PBXFileReference; lastKnownFileType = file.storyboard; name = Base; path = Base.lproj/LaunchScreen.storyboard; sourceTree = "<group>"; };
		9F5B108020AC57D200BAE436 /* Info.plist */ = {isa = PBXFileReference; lastKnownFileType = text.plist.xml; path = Info.plist; sourceTree = "<group>"; };
/* End PBXFileReference section */

/* Begin PBXFrameworksBuildPhase section */
		9F5B106E20AC57D100BAE436 /* Frameworks */ = {
			isa = PBXFrameworksBuildPhase;
			buildActionMask = 2147483647;
			files = (
				618A0697D2E17B2DB176DE7D /* Pods_FrontPage.framework in Frameworks */,
			);
			runOnlyForDeploymentPostprocessing = 0;
		};
/* End PBXFrameworksBuildPhase section */

/* Begin PBXGroup section */
		5C7C4B6BBAB93599EB5D3699 /* Pods */ = {
			isa = PBXGroup;
			children = (
				6972FD3A127F23953FA4CF6E /* Pods-FrontPage.debug.xcconfig */,
				530175793A47602FFA35560B /* Pods-FrontPage.release.xcconfig */,
			);
			name = Pods;
			sourceTree = "<group>";
		};
		9F5B106820AC57D100BAE436 = {
			isa = PBXGroup;
			children = (
				9F5B107320AC57D100BAE436 /* FrontPage */,
				9F5B107220AC57D100BAE436 /* Products */,
				5C7C4B6BBAB93599EB5D3699 /* Pods */,
				A18FDB17A98B853AA7E2EE1C /* Frameworks */,
			);
			indentWidth = 2;
			sourceTree = "<group>";
			tabWidth = 2;
		};
		9F5B107220AC57D100BAE436 /* Products */ = {
			isa = PBXGroup;
			children = (
				9F5B107120AC57D100BAE436 /* FrontPage.app */,
			);
			name = Products;
			sourceTree = "<group>";
		};
		9F5B107320AC57D100BAE436 /* FrontPage */ = {
			isa = PBXGroup;
			children = (
				9F5B107420AC57D100BAE436 /* AppDelegate.swift */,
				9F12A38C20AC5A300097DC1B /* API.swift */,
				9F12A39020AC5A310097DC1B /* PostListViewController.graphql */,
				9F12A38E20AC5A300097DC1B /* PostListViewController.swift */,
				9F12A38D20AC5A300097DC1B /* PostTableViewCell.graphql */,
				9F12A38F20AC5A300097DC1B /* PostTableViewCell.swift */,
				9F5B107820AC57D100BAE436 /* Main.storyboard */,
				9F5B107B20AC57D200BAE436 /* Assets.xcassets */,
				9F5B107D20AC57D200BAE436 /* LaunchScreen.storyboard */,
				9F5B108020AC57D200BAE436 /* Info.plist */,
			);
			path = FrontPage;
			sourceTree = "<group>";
		};
		A18FDB17A98B853AA7E2EE1C /* Frameworks */ = {
			isa = PBXGroup;
			children = (
				79834A5F2BAB609552638617 /* Pods_FrontPage.framework */,
			);
			name = Frameworks;
			sourceTree = "<group>";
		};
/* End PBXGroup section */

/* Begin PBXNativeTarget section */
		9F5B107020AC57D100BAE436 /* FrontPage */ = {
			isa = PBXNativeTarget;
			buildConfigurationList = 9F5B108320AC57D200BAE436 /* Build configuration list for PBXNativeTarget "FrontPage" */;
			buildPhases = (
				85C9A6C97FF886F1EAE894BF /* [CP] Check Pods Manifest.lock */,
				9F12A3B620AC5B7E0097DC1B /* Generate Apollo GraphQL API */,
				9F5B106D20AC57D100BAE436 /* Sources */,
				9F5B106E20AC57D100BAE436 /* Frameworks */,
				9F5B106F20AC57D100BAE436 /* Resources */,
				9F12A3B520AC5ACB0097DC1B /* Embed Frameworks */,
				3D99F8228785282A1959B384 /* [CP] Embed Pods Frameworks */,
			);
			buildRules = (
			);
			dependencies = (
			);
			name = FrontPage;
			productName = FrontPage;
			productReference = 9F5B107120AC57D100BAE436 /* FrontPage.app */;
			productType = "com.apple.product-type.application";
		};
/* End PBXNativeTarget section */

/* Begin PBXProject section */
		9F5B106920AC57D100BAE436 /* Project object */ = {
			isa = PBXProject;
			attributes = {
				LastSwiftUpdateCheck = 0930;
				LastUpgradeCheck = 0930;
				ORGANIZATIONNAME = "Apollo GraphQL";
				TargetAttributes = {
					9F5B107020AC57D100BAE436 = {
						CreatedOnToolsVersion = 9.3.1;
						LastSwiftMigration = 1030;
					};
				};
			};
			buildConfigurationList = 9F5B106C20AC57D100BAE436 /* Build configuration list for PBXProject "FrontPage" */;
			compatibilityVersion = "Xcode 9.3";
			developmentRegion = en;
			hasScannedForEncodings = 0;
			knownRegions = (
				en,
				Base,
			);
			mainGroup = 9F5B106820AC57D100BAE436;
			productRefGroup = 9F5B107220AC57D100BAE436 /* Products */;
			projectDirPath = "";
			projectRoot = "";
			targets = (
				9F5B107020AC57D100BAE436 /* FrontPage */,
			);
		};
/* End PBXProject section */

/* Begin PBXResourcesBuildPhase section */
		9F5B106F20AC57D100BAE436 /* Resources */ = {
			isa = PBXResourcesBuildPhase;
			buildActionMask = 2147483647;
			files = (
				9F5B107F20AC57D200BAE436 /* LaunchScreen.storyboard in Resources */,
				9F5B107C20AC57D200BAE436 /* Assets.xcassets in Resources */,
				9F12A39520AC5A310097DC1B /* PostListViewController.graphql in Resources */,
				9F5B107A20AC57D100BAE436 /* Main.storyboard in Resources */,
				9F12A39220AC5A310097DC1B /* PostTableViewCell.graphql in Resources */,
			);
			runOnlyForDeploymentPostprocessing = 0;
		};
/* End PBXResourcesBuildPhase section */

/* Begin PBXShellScriptBuildPhase section */
		3D99F8228785282A1959B384 /* [CP] Embed Pods Frameworks */ = {
			isa = PBXShellScriptBuildPhase;
			buildActionMask = 2147483647;
			files = (
			);
			inputFileListPaths = (
				"${PODS_ROOT}/Target Support Files/Pods-FrontPage/Pods-FrontPage-frameworks-${CONFIGURATION}-input-files.xcfilelist",
			);
			name = "[CP] Embed Pods Frameworks";
			outputFileListPaths = (
				"${PODS_ROOT}/Target Support Files/Pods-FrontPage/Pods-FrontPage-frameworks-${CONFIGURATION}-output-files.xcfilelist",
			);
			runOnlyForDeploymentPostprocessing = 0;
			shellPath = /bin/sh;
			shellScript = "\"${PODS_ROOT}/Target Support Files/Pods-FrontPage/Pods-FrontPage-frameworks.sh\"\n";
			showEnvVarsInLog = 0;
		};
		85C9A6C97FF886F1EAE894BF /* [CP] Check Pods Manifest.lock */ = {
			isa = PBXShellScriptBuildPhase;
			buildActionMask = 2147483647;
			files = (
			);
			inputPaths = (
				"${PODS_PODFILE_DIR_PATH}/Podfile.lock",
				"${PODS_ROOT}/Manifest.lock",
			);
			name = "[CP] Check Pods Manifest.lock";
			outputPaths = (
				"$(DERIVED_FILE_DIR)/Pods-FrontPage-checkManifestLockResult.txt",
			);
			runOnlyForDeploymentPostprocessing = 0;
			shellPath = /bin/sh;
			shellScript = "diff \"${PODS_PODFILE_DIR_PATH}/Podfile.lock\" \"${PODS_ROOT}/Manifest.lock\" > /dev/null\nif [ $? != 0 ] ; then\n    # print error to STDERR\n    echo \"error: The sandbox is not in sync with the Podfile.lock. Run 'pod install' or update your CocoaPods installation.\" >&2\n    exit 1\nfi\n# This output is used by Xcode 'outputs' to avoid re-running this script phase.\necho \"SUCCESS\" > \"${SCRIPT_OUTPUT_FILE_0}\"\n";
			showEnvVarsInLog = 0;
		};
		9F12A3B620AC5B7E0097DC1B /* Generate Apollo GraphQL API */ = {
			isa = PBXShellScriptBuildPhase;
			buildActionMask = 2147483647;
			files = (
			);
			inputPaths = (
			);
			name = "Generate Apollo GraphQL API";
			outputPaths = (
			);
			runOnlyForDeploymentPostprocessing = 0;
			shellPath = /bin/sh;
			shellScript = "SCRIPT_PATH=\"${PODS_ROOT}/Apollo/scripts\"\ncd \"${SRCROOT}/${TARGET_NAME}\"\n\"${SCRIPT_PATH}\"/run-bundled-codegen.sh codegen:generate --target=swift --includes=./**/*.graphql --localSchemaFile=\"schema.json\" API.swift\n";
		};
/* End PBXShellScriptBuildPhase section */

/* Begin PBXSourcesBuildPhase section */
		9F5B106D20AC57D100BAE436 /* Sources */ = {
			isa = PBXSourcesBuildPhase;
			buildActionMask = 2147483647;
			files = (
				9F12A39120AC5A310097DC1B /* API.swift in Sources */,
				9F12A39320AC5A310097DC1B /* PostListViewController.swift in Sources */,
				9F5B107520AC57D100BAE436 /* AppDelegate.swift in Sources */,
				9F12A39420AC5A310097DC1B /* PostTableViewCell.swift in Sources */,
			);
			runOnlyForDeploymentPostprocessing = 0;
		};
/* End PBXSourcesBuildPhase section */

/* Begin PBXVariantGroup section */
		9F5B107820AC57D100BAE436 /* Main.storyboard */ = {
			isa = PBXVariantGroup;
			children = (
				9F5B107920AC57D100BAE436 /* Base */,
			);
			name = Main.storyboard;
			sourceTree = "<group>";
		};
		9F5B107D20AC57D200BAE436 /* LaunchScreen.storyboard */ = {
			isa = PBXVariantGroup;
			children = (
				9F5B107E20AC57D200BAE436 /* Base */,
			);
			name = LaunchScreen.storyboard;
			sourceTree = "<group>";
		};
/* End PBXVariantGroup section */

/* Begin XCBuildConfiguration section */
		9F5B108120AC57D200BAE436 /* Debug */ = {
			isa = XCBuildConfiguration;
			buildSettings = {
				ALWAYS_SEARCH_USER_PATHS = NO;
				CLANG_ANALYZER_NONNULL = YES;
				CLANG_ANALYZER_NUMBER_OBJECT_CONVERSION = YES_AGGRESSIVE;
				CLANG_CXX_LANGUAGE_STANDARD = "gnu++14";
				CLANG_CXX_LIBRARY = "libc++";
				CLANG_ENABLE_MODULES = YES;
				CLANG_ENABLE_OBJC_ARC = YES;
				CLANG_ENABLE_OBJC_WEAK = YES;
				CLANG_WARN_BLOCK_CAPTURE_AUTORELEASING = YES;
				CLANG_WARN_BOOL_CONVERSION = YES;
				CLANG_WARN_COMMA = YES;
				CLANG_WARN_CONSTANT_CONVERSION = YES;
				CLANG_WARN_DEPRECATED_OBJC_IMPLEMENTATIONS = YES;
				CLANG_WARN_DIRECT_OBJC_ISA_USAGE = YES_ERROR;
				CLANG_WARN_DOCUMENTATION_COMMENTS = YES;
				CLANG_WARN_EMPTY_BODY = YES;
				CLANG_WARN_ENUM_CONVERSION = YES;
				CLANG_WARN_INFINITE_RECURSION = YES;
				CLANG_WARN_INT_CONVERSION = YES;
				CLANG_WARN_NON_LITERAL_NULL_CONVERSION = YES;
				CLANG_WARN_OBJC_IMPLICIT_RETAIN_SELF = YES;
				CLANG_WARN_OBJC_LITERAL_CONVERSION = YES;
				CLANG_WARN_OBJC_ROOT_CLASS = YES_ERROR;
				CLANG_WARN_RANGE_LOOP_ANALYSIS = YES;
				CLANG_WARN_STRICT_PROTOTYPES = YES;
				CLANG_WARN_SUSPICIOUS_MOVE = YES;
				CLANG_WARN_UNGUARDED_AVAILABILITY = YES_AGGRESSIVE;
				CLANG_WARN_UNREACHABLE_CODE = YES;
				CLANG_WARN__DUPLICATE_METHOD_MATCH = YES;
				CODE_SIGN_IDENTITY = "iPhone Developer";
				COPY_PHASE_STRIP = NO;
				DEBUG_INFORMATION_FORMAT = dwarf;
				ENABLE_STRICT_OBJC_MSGSEND = YES;
				ENABLE_TESTABILITY = YES;
				GCC_C_LANGUAGE_STANDARD = gnu11;
				GCC_DYNAMIC_NO_PIC = NO;
				GCC_NO_COMMON_BLOCKS = YES;
				GCC_OPTIMIZATION_LEVEL = 0;
				GCC_PREPROCESSOR_DEFINITIONS = (
					"DEBUG=1",
					"$(inherited)",
				);
				GCC_WARN_64_TO_32_BIT_CONVERSION = YES;
				GCC_WARN_ABOUT_RETURN_TYPE = YES_ERROR;
				GCC_WARN_UNDECLARED_SELECTOR = YES;
				GCC_WARN_UNINITIALIZED_AUTOS = YES_AGGRESSIVE;
				GCC_WARN_UNUSED_FUNCTION = YES;
				GCC_WARN_UNUSED_VARIABLE = YES;
				IPHONEOS_DEPLOYMENT_TARGET = 9.0;
				MTL_ENABLE_DEBUG_INFO = YES;
				ONLY_ACTIVE_ARCH = YES;
				SDKROOT = iphoneos;
				SWIFT_ACTIVE_COMPILATION_CONDITIONS = DEBUG;
				SWIFT_OPTIMIZATION_LEVEL = "-Onone";
			};
			name = Debug;
		};
		9F5B108220AC57D200BAE436 /* Release */ = {
			isa = XCBuildConfiguration;
			buildSettings = {
				ALWAYS_SEARCH_USER_PATHS = NO;
				CLANG_ANALYZER_NONNULL = YES;
				CLANG_ANALYZER_NUMBER_OBJECT_CONVERSION = YES_AGGRESSIVE;
				CLANG_CXX_LANGUAGE_STANDARD = "gnu++14";
				CLANG_CXX_LIBRARY = "libc++";
				CLANG_ENABLE_MODULES = YES;
				CLANG_ENABLE_OBJC_ARC = YES;
				CLANG_ENABLE_OBJC_WEAK = YES;
				CLANG_WARN_BLOCK_CAPTURE_AUTORELEASING = YES;
				CLANG_WARN_BOOL_CONVERSION = YES;
				CLANG_WARN_COMMA = YES;
				CLANG_WARN_CONSTANT_CONVERSION = YES;
				CLANG_WARN_DEPRECATED_OBJC_IMPLEMENTATIONS = YES;
				CLANG_WARN_DIRECT_OBJC_ISA_USAGE = YES_ERROR;
				CLANG_WARN_DOCUMENTATION_COMMENTS = YES;
				CLANG_WARN_EMPTY_BODY = YES;
				CLANG_WARN_ENUM_CONVERSION = YES;
				CLANG_WARN_INFINITE_RECURSION = YES;
				CLANG_WARN_INT_CONVERSION = YES;
				CLANG_WARN_NON_LITERAL_NULL_CONVERSION = YES;
				CLANG_WARN_OBJC_IMPLICIT_RETAIN_SELF = YES;
				CLANG_WARN_OBJC_LITERAL_CONVERSION = YES;
				CLANG_WARN_OBJC_ROOT_CLASS = YES_ERROR;
				CLANG_WARN_RANGE_LOOP_ANALYSIS = YES;
				CLANG_WARN_STRICT_PROTOTYPES = YES;
				CLANG_WARN_SUSPICIOUS_MOVE = YES;
				CLANG_WARN_UNGUARDED_AVAILABILITY = YES_AGGRESSIVE;
				CLANG_WARN_UNREACHABLE_CODE = YES;
				CLANG_WARN__DUPLICATE_METHOD_MATCH = YES;
				CODE_SIGN_IDENTITY = "iPhone Developer";
				COPY_PHASE_STRIP = NO;
				DEBUG_INFORMATION_FORMAT = "dwarf-with-dsym";
				ENABLE_NS_ASSERTIONS = NO;
				ENABLE_STRICT_OBJC_MSGSEND = YES;
				GCC_C_LANGUAGE_STANDARD = gnu11;
				GCC_NO_COMMON_BLOCKS = YES;
				GCC_WARN_64_TO_32_BIT_CONVERSION = YES;
				GCC_WARN_ABOUT_RETURN_TYPE = YES_ERROR;
				GCC_WARN_UNDECLARED_SELECTOR = YES;
				GCC_WARN_UNINITIALIZED_AUTOS = YES_AGGRESSIVE;
				GCC_WARN_UNUSED_FUNCTION = YES;
				GCC_WARN_UNUSED_VARIABLE = YES;
				IPHONEOS_DEPLOYMENT_TARGET = 9.0;
				MTL_ENABLE_DEBUG_INFO = NO;
				SDKROOT = iphoneos;
				SWIFT_COMPILATION_MODE = wholemodule;
				SWIFT_OPTIMIZATION_LEVEL = "-O";
				VALIDATE_PRODUCT = YES;
			};
			name = Release;
		};
		9F5B108420AC57D200BAE436 /* Debug */ = {
			isa = XCBuildConfiguration;
			baseConfigurationReference = 6972FD3A127F23953FA4CF6E /* Pods-FrontPage.debug.xcconfig */;
			buildSettings = {
				ASSETCATALOG_COMPILER_APPICON_NAME = AppIcon;
				CODE_SIGN_STYLE = Automatic;
				INFOPLIST_FILE = FrontPage/Info.plist;
				LD_RUNPATH_SEARCH_PATHS = (
					"$(inherited)",
					"@executable_path/Frameworks",
				);
				PRODUCT_BUNDLE_IDENTIFIER = com.apollographql.examples.FrontPage;
				PRODUCT_NAME = "$(TARGET_NAME)";
				SWIFT_VERSION = 5.0;
				TARGETED_DEVICE_FAMILY = "1,2";
			};
			name = Debug;
		};
		9F5B108520AC57D200BAE436 /* Release */ = {
			isa = XCBuildConfiguration;
			baseConfigurationReference = 530175793A47602FFA35560B /* Pods-FrontPage.release.xcconfig */;
			buildSettings = {
				ASSETCATALOG_COMPILER_APPICON_NAME = AppIcon;
				CODE_SIGN_STYLE = Automatic;
				INFOPLIST_FILE = FrontPage/Info.plist;
				LD_RUNPATH_SEARCH_PATHS = (
					"$(inherited)",
					"@executable_path/Frameworks",
				);
				PRODUCT_BUNDLE_IDENTIFIER = com.apollographql.examples.FrontPage;
				PRODUCT_NAME = "$(TARGET_NAME)";
				SWIFT_VERSION = 5.0;
				TARGETED_DEVICE_FAMILY = "1,2";
			};
			name = Release;
		};
/* End XCBuildConfiguration section */

/* Begin XCConfigurationList section */
		9F5B106C20AC57D100BAE436 /* Build configuration list for PBXProject "FrontPage" */ = {
			isa = XCConfigurationList;
			buildConfigurations = (
				9F5B108120AC57D200BAE436 /* Debug */,
				9F5B108220AC57D200BAE436 /* Release */,
			);
			defaultConfigurationIsVisible = 0;
			defaultConfigurationName = Release;
		};
		9F5B108320AC57D200BAE436 /* Build configuration list for PBXNativeTarget "FrontPage" */ = {
			isa = XCConfigurationList;
			buildConfigurations = (
				9F5B108420AC57D200BAE436 /* Debug */,
				9F5B108520AC57D200BAE436 /* Release */,
			);
			defaultConfigurationIsVisible = 0;
			defaultConfigurationName = Release;
		};
/* End XCConfigurationList section */
	};
	rootObject = 9F5B106920AC57D100BAE436 /* Project object */;
}
