// !$*UTF8*$!
{
	archiveVersion = 1;
	classes = {
	};
	objectVersion = 46;
	objects = {

/* Begin PBXBuildFile section */
		9F672F271DB004FF00974171 /* API.swift in Sources */ = {isa = PBXBuildFile; fileRef = 9F672F221DB004FF00974171 /* API.swift */; };
		9F672F281DB004FF00974171 /* PostListViewController.graphql in Resources */ = {isa = PBXBuildFile; fileRef = 9F672F231DB004FF00974171 /* PostListViewController.graphql */; };
		9F672F291DB004FF00974171 /* PostListViewController.swift in Sources */ = {isa = PBXBuildFile; fileRef = 9F672F241DB004FF00974171 /* PostListViewController.swift */; };
		9F672F2A1DB004FF00974171 /* PostTableViewCell.graphql in Resources */ = {isa = PBXBuildFile; fileRef = 9F672F251DB004FF00974171 /* PostTableViewCell.graphql */; };
		9F672F2B1DB004FF00974171 /* PostTableViewCell.swift in Sources */ = {isa = PBXBuildFile; fileRef = 9F672F261DB004FF00974171 /* PostTableViewCell.swift */; };
		9FFBB6001DAFFDA1009C6182 /* AppDelegate.swift in Sources */ = {isa = PBXBuildFile; fileRef = 9FFBB5FF1DAFFDA1009C6182 /* AppDelegate.swift */; };
		9FFBB6051DAFFDA1009C6182 /* Main.storyboard in Resources */ = {isa = PBXBuildFile; fileRef = 9FFBB6031DAFFDA1009C6182 /* Main.storyboard */; };
		9FFBB6071DAFFDA1009C6182 /* Assets.xcassets in Resources */ = {isa = PBXBuildFile; fileRef = 9FFBB6061DAFFDA1009C6182 /* Assets.xcassets */; };
		9FFBB60A1DAFFDA1009C6182 /* LaunchScreen.storyboard in Resources */ = {isa = PBXBuildFile; fileRef = 9FFBB6081DAFFDA1009C6182 /* LaunchScreen.storyboard */; };
		9FFBB61A1DB004A9009C6182 /* Apollo.framework in Frameworks */ = {isa = PBXBuildFile; fileRef = 9FFBB6171DB00496009C6182 /* Apollo.framework */; };
		9FFBB61B1DB004A9009C6182 /* Apollo.framework in Embed Frameworks */ = {isa = PBXBuildFile; fileRef = 9FFBB6171DB00496009C6182 /* Apollo.framework */; settings = {ATTRIBUTES = (CodeSignOnCopy, RemoveHeadersOnCopy, ); }; };
/* End PBXBuildFile section */

/* Begin PBXBuildRule section */
		9F672F2D1DB0052500974171 /* PBXBuildRule */ = {
			isa = PBXBuildRule;
			compilerSpec = com.apple.compilers.proxy.script;
			filePatterns = "*.graphql";
			fileType = pattern.proxy;
			isEditable = 1;
			outputFiles = (
			);
			script = "";
		};
/* End PBXBuildRule section */

/* Begin PBXContainerItemProxy section */
		9FFBB6161DB00496009C6182 /* PBXContainerItemProxy */ = {
			isa = PBXContainerItemProxy;
			containerPortal = 9FFBB6111DB00496009C6182 /* Apollo.xcodeproj */;
			proxyType = 2;
			remoteGlobalIDString = 9FC750441D2A532C00458D91;
			remoteInfo = Apollo;
		};
		9FFBB6181DB00496009C6182 /* PBXContainerItemProxy */ = {
			isa = PBXContainerItemProxy;
			containerPortal = 9FFBB6111DB00496009C6182 /* Apollo.xcodeproj */;
			proxyType = 2;
			remoteGlobalIDString = 9FC7504E1D2A532D00458D91;
			remoteInfo = ApolloTests;
		};
		9FFBB61C1DB004A9009C6182 /* PBXContainerItemProxy */ = {
			isa = PBXContainerItemProxy;
			containerPortal = 9FFBB6111DB00496009C6182 /* Apollo.xcodeproj */;
			proxyType = 1;
			remoteGlobalIDString = 9FC750431D2A532C00458D91;
			remoteInfo = Apollo;
		};
/* End PBXContainerItemProxy section */

/* Begin PBXCopyFilesBuildPhase section */
		9FFBB61E1DB004A9009C6182 /* Embed Frameworks */ = {
			isa = PBXCopyFilesBuildPhase;
			buildActionMask = 2147483647;
			dstPath = "";
			dstSubfolderSpec = 10;
			files = (
				9FFBB61B1DB004A9009C6182 /* Apollo.framework in Embed Frameworks */,
			);
			name = "Embed Frameworks";
			runOnlyForDeploymentPostprocessing = 0;
		};
/* End PBXCopyFilesBuildPhase section */

/* Begin PBXFileReference section */
		9F672F221DB004FF00974171 /* API.swift */ = {isa = PBXFileReference; fileEncoding = 4; lastKnownFileType = sourcecode.swift; path = API.swift; sourceTree = "<group>"; };
		9F672F231DB004FF00974171 /* PostListViewController.graphql */ = {isa = PBXFileReference; fileEncoding = 4; lastKnownFileType = text; path = PostListViewController.graphql; sourceTree = "<group>"; };
		9F672F241DB004FF00974171 /* PostListViewController.swift */ = {isa = PBXFileReference; fileEncoding = 4; lastKnownFileType = sourcecode.swift; path = PostListViewController.swift; sourceTree = "<group>"; };
		9F672F251DB004FF00974171 /* PostTableViewCell.graphql */ = {isa = PBXFileReference; fileEncoding = 4; lastKnownFileType = text; path = PostTableViewCell.graphql; sourceTree = "<group>"; };
		9F672F261DB004FF00974171 /* PostTableViewCell.swift */ = {isa = PBXFileReference; fileEncoding = 4; lastKnownFileType = sourcecode.swift; path = PostTableViewCell.swift; sourceTree = "<group>"; };
		9FFBB5FC1DAFFDA1009C6182 /* FrontPage.app */ = {isa = PBXFileReference; explicitFileType = wrapper.application; includeInIndex = 0; path = FrontPage.app; sourceTree = BUILT_PRODUCTS_DIR; };
		9FFBB5FF1DAFFDA1009C6182 /* AppDelegate.swift */ = {isa = PBXFileReference; lastKnownFileType = sourcecode.swift; path = AppDelegate.swift; sourceTree = "<group>"; };
		9FFBB6041DAFFDA1009C6182 /* Base */ = {isa = PBXFileReference; lastKnownFileType = file.storyboard; name = Base; path = Base.lproj/Main.storyboard; sourceTree = "<group>"; };
		9FFBB6061DAFFDA1009C6182 /* Assets.xcassets */ = {isa = PBXFileReference; lastKnownFileType = folder.assetcatalog; path = Assets.xcassets; sourceTree = "<group>"; };
		9FFBB6091DAFFDA1009C6182 /* Base */ = {isa = PBXFileReference; lastKnownFileType = file.storyboard; name = Base; path = Base.lproj/LaunchScreen.storyboard; sourceTree = "<group>"; };
		9FFBB60B1DAFFDA1009C6182 /* Info.plist */ = {isa = PBXFileReference; lastKnownFileType = text.plist.xml; path = Info.plist; sourceTree = "<group>"; };
		9FFBB6111DB00496009C6182 /* Apollo.xcodeproj */ = {isa = PBXFileReference; lastKnownFileType = "wrapper.pb-project"; name = Apollo.xcodeproj; path = "Carthage/Checkouts/apollo-ios/Apollo.xcodeproj"; sourceTree = "<group>"; };
/* End PBXFileReference section */

/* Begin PBXFrameworksBuildPhase section */
		9FFBB5F91DAFFDA1009C6182 /* Frameworks */ = {
			isa = PBXFrameworksBuildPhase;
			buildActionMask = 2147483647;
			files = (
				9FFBB61A1DB004A9009C6182 /* Apollo.framework in Frameworks */,
			);
			runOnlyForDeploymentPostprocessing = 0;
		};
/* End PBXFrameworksBuildPhase section */

/* Begin PBXGroup section */
		9FFBB5F31DAFFDA1009C6182 = {
			isa = PBXGroup;
			children = (
				9FFBB6111DB00496009C6182 /* Apollo.xcodeproj */,
				9FFBB5FE1DAFFDA1009C6182 /* FrontPage */,
				9FFBB5FD1DAFFDA1009C6182 /* Products */,
			);
			sourceTree = "<group>";
		};
		9FFBB5FD1DAFFDA1009C6182 /* Products */ = {
			isa = PBXGroup;
			children = (
				9FFBB5FC1DAFFDA1009C6182 /* FrontPage.app */,
			);
			name = Products;
			sourceTree = "<group>";
		};
		9FFBB5FE1DAFFDA1009C6182 /* FrontPage */ = {
			isa = PBXGroup;
			children = (
				9FFBB5FF1DAFFDA1009C6182 /* AppDelegate.swift */,
				9F672F241DB004FF00974171 /* PostListViewController.swift */,
				9F672F231DB004FF00974171 /* PostListViewController.graphql */,
				9F672F261DB004FF00974171 /* PostTableViewCell.swift */,
				9F672F251DB004FF00974171 /* PostTableViewCell.graphql */,
				9F672F221DB004FF00974171 /* API.swift */,
				9FFBB6031DAFFDA1009C6182 /* Main.storyboard */,
				9FFBB6061DAFFDA1009C6182 /* Assets.xcassets */,
				9FFBB6081DAFFDA1009C6182 /* LaunchScreen.storyboard */,
				9FFBB60B1DAFFDA1009C6182 /* Info.plist */,
			);
			path = FrontPage;
			sourceTree = "<group>";
		};
		9FFBB6121DB00496009C6182 /* Products */ = {
			isa = PBXGroup;
			children = (
				9FFBB6171DB00496009C6182 /* Apollo.framework */,
				9FFBB6191DB00496009C6182 /* ApolloTests.xctest */,
			);
			name = Products;
			sourceTree = "<group>";
		};
/* End PBXGroup section */

/* Begin PBXNativeTarget section */
		9FFBB5FB1DAFFDA1009C6182 /* FrontPage */ = {
			isa = PBXNativeTarget;
			buildConfigurationList = 9FFBB60E1DAFFDA1009C6182 /* Build configuration list for PBXNativeTarget "FrontPage" */;
			buildPhases = (
				9F672F2E1DB0053600974171 /* Generate Apollo GraphQL API */,
				9FFBB5F81DAFFDA1009C6182 /* Sources */,
				9FFBB5F91DAFFDA1009C6182 /* Frameworks */,
				9FFBB5FA1DAFFDA1009C6182 /* Resources */,
				9FFBB61E1DB004A9009C6182 /* Embed Frameworks */,
			);
			buildRules = (
				9F672F2D1DB0052500974171 /* PBXBuildRule */,
			);
			dependencies = (
				9FFBB61D1DB004A9009C6182 /* PBXTargetDependency */,
			);
			name = FrontPage;
			productName = FrontPage;
			productReference = 9FFBB5FC1DAFFDA1009C6182 /* FrontPage.app */;
			productType = "com.apple.product-type.application";
		};
/* End PBXNativeTarget section */

/* Begin PBXProject section */
		9FFBB5F41DAFFDA1009C6182 /* Project object */ = {
			isa = PBXProject;
			attributes = {
				LastSwiftUpdateCheck = 0800;
				LastUpgradeCheck = 0810;
				ORGANIZATIONNAME = "Meteor Development Group";
				TargetAttributes = {
					9FFBB5FB1DAFFDA1009C6182 = {
						CreatedOnToolsVersion = 8.0;
						DevelopmentTeam = 5TL236FN6U;
						ProvisioningStyle = Automatic;
					};
				};
			};
			buildConfigurationList = 9FFBB5F71DAFFDA1009C6182 /* Build configuration list for PBXProject "FrontPage" */;
			compatibilityVersion = "Xcode 3.2";
			developmentRegion = English;
			hasScannedForEncodings = 0;
			knownRegions = (
				en,
				Base,
			);
			mainGroup = 9FFBB5F31DAFFDA1009C6182;
			productRefGroup = 9FFBB5FD1DAFFDA1009C6182 /* Products */;
			projectDirPath = "";
			projectReferences = (
				{
					ProductGroup = 9FFBB6121DB00496009C6182 /* Products */;
					ProjectRef = 9FFBB6111DB00496009C6182 /* Apollo.xcodeproj */;
				},
			);
			projectRoot = "";
			targets = (
				9FFBB5FB1DAFFDA1009C6182 /* FrontPage */,
			);
		};
/* End PBXProject section */

/* Begin PBXReferenceProxy section */
		9FFBB6171DB00496009C6182 /* Apollo.framework */ = {
			isa = PBXReferenceProxy;
			fileType = wrapper.framework;
			path = Apollo.framework;
			remoteRef = 9FFBB6161DB00496009C6182 /* PBXContainerItemProxy */;
			sourceTree = BUILT_PRODUCTS_DIR;
		};
		9FFBB6191DB00496009C6182 /* ApolloTests.xctest */ = {
			isa = PBXReferenceProxy;
			fileType = wrapper.cfbundle;
			path = ApolloTests.xctest;
			remoteRef = 9FFBB6181DB00496009C6182 /* PBXContainerItemProxy */;
			sourceTree = BUILT_PRODUCTS_DIR;
		};
/* End PBXReferenceProxy section */

/* Begin PBXResourcesBuildPhase section */
		9FFBB5FA1DAFFDA1009C6182 /* Resources */ = {
			isa = PBXResourcesBuildPhase;
			buildActionMask = 2147483647;
			files = (
				9F672F281DB004FF00974171 /* PostListViewController.graphql in Resources */,
				9F672F2A1DB004FF00974171 /* PostTableViewCell.graphql in Resources */,
				9FFBB60A1DAFFDA1009C6182 /* LaunchScreen.storyboard in Resources */,
				9FFBB6071DAFFDA1009C6182 /* Assets.xcassets in Resources */,
				9FFBB6051DAFFDA1009C6182 /* Main.storyboard in Resources */,
			);
			runOnlyForDeploymentPostprocessing = 0;
		};
/* End PBXResourcesBuildPhase section */

/* Begin PBXShellScriptBuildPhase section */
		9F672F2E1DB0053600974171 /* Generate Apollo GraphQL API */ = {
			isa = PBXShellScriptBuildPhase;
			buildActionMask = 2147483647;
			files = (
			);
			inputPaths = (
			);
			name = "Generate Apollo GraphQL API";
			outputPaths = (
			);
			runOnlyForDeploymentPostprocessing = 0;
			shellPath = /bin/sh;
			shellScript = "APOLLO_FRAMEWORK_PATH=$(eval find $FRAMEWORK_SEARCH_PATHS -name \"Apollo.framework\" -maxdepth 1)\n\nif [ -z \"$APOLLO_FRAMEWORK_PATH\" ]; then\necho \"error: Couldn't find Apollo.framework in FRAMEWORK_SEARCH_PATHS; make sure to add the framework to your project.\"\nexit 1\nfi\n\ncd ${SRCROOT}/${TARGET_NAME}\n$APOLLO_FRAMEWORK_PATH/check-and-run-apollo-codegen.sh generate $(find . -name '*.graphql') --schema schema.json --output API.swift";
		};
/* End PBXShellScriptBuildPhase section */

/* Begin PBXSourcesBuildPhase section */
		9FFBB5F81DAFFDA1009C6182 /* Sources */ = {
			isa = PBXSourcesBuildPhase;
			buildActionMask = 2147483647;
			files = (
				9F672F291DB004FF00974171 /* PostListViewController.swift in Sources */,
				9F672F2B1DB004FF00974171 /* PostTableViewCell.swift in Sources */,
				9F672F271DB004FF00974171 /* API.swift in Sources */,
				9FFBB6001DAFFDA1009C6182 /* AppDelegate.swift in Sources */,
			);
			runOnlyForDeploymentPostprocessing = 0;
		};
/* End PBXSourcesBuildPhase section */

/* Begin PBXTargetDependency section */
		9FFBB61D1DB004A9009C6182 /* PBXTargetDependency */ = {
			isa = PBXTargetDependency;
			name = Apollo;
			targetProxy = 9FFBB61C1DB004A9009C6182 /* PBXContainerItemProxy */;
		};
/* End PBXTargetDependency section */

/* Begin PBXVariantGroup section */
		9FFBB6031DAFFDA1009C6182 /* Main.storyboard */ = {
			isa = PBXVariantGroup;
			children = (
				9FFBB6041DAFFDA1009C6182 /* Base */,
			);
			name = Main.storyboard;
			sourceTree = "<group>";
		};
		9FFBB6081DAFFDA1009C6182 /* LaunchScreen.storyboard */ = {
			isa = PBXVariantGroup;
			children = (
				9FFBB6091DAFFDA1009C6182 /* Base */,
			);
			name = LaunchScreen.storyboard;
			sourceTree = "<group>";
		};
/* End PBXVariantGroup section */

/* Begin XCBuildConfiguration section */
		9FFBB60C1DAFFDA1009C6182 /* Debug */ = {
			isa = XCBuildConfiguration;
			buildSettings = {
				ALWAYS_SEARCH_USER_PATHS = NO;
				CLANG_ANALYZER_NONNULL = YES;
				CLANG_CXX_LANGUAGE_STANDARD = "gnu++0x";
				CLANG_CXX_LIBRARY = "libc++";
				CLANG_ENABLE_MODULES = YES;
				CLANG_ENABLE_OBJC_ARC = YES;
				CLANG_WARN_BOOL_CONVERSION = YES;
				CLANG_WARN_CONSTANT_CONVERSION = YES;
				CLANG_WARN_DIRECT_OBJC_ISA_USAGE = YES_ERROR;
				CLANG_WARN_DOCUMENTATION_COMMENTS = YES;
				CLANG_WARN_EMPTY_BODY = YES;
				CLANG_WARN_ENUM_CONVERSION = YES;
				CLANG_WARN_INFINITE_RECURSION = YES;
				CLANG_WARN_INT_CONVERSION = YES;
				CLANG_WARN_OBJC_ROOT_CLASS = YES_ERROR;
				CLANG_WARN_SUSPICIOUS_MOVE = YES;
				CLANG_WARN_SUSPICIOUS_MOVES = YES;
				CLANG_WARN_UNREACHABLE_CODE = YES;
				CLANG_WARN__DUPLICATE_METHOD_MATCH = YES;
				"CODE_SIGN_IDENTITY[sdk=iphoneos*]" = "iPhone Developer";
				COPY_PHASE_STRIP = NO;
				DEBUG_INFORMATION_FORMAT = dwarf;
				ENABLE_STRICT_OBJC_MSGSEND = YES;
				ENABLE_TESTABILITY = YES;
				GCC_C_LANGUAGE_STANDARD = gnu99;
				GCC_DYNAMIC_NO_PIC = NO;
				GCC_NO_COMMON_BLOCKS = YES;
				GCC_OPTIMIZATION_LEVEL = 0;
				GCC_PREPROCESSOR_DEFINITIONS = (
					"DEBUG=1",
					"$(inherited)",
				);
				GCC_WARN_64_TO_32_BIT_CONVERSION = YES;
				GCC_WARN_ABOUT_RETURN_TYPE = YES_ERROR;
				GCC_WARN_UNDECLARED_SELECTOR = YES;
				GCC_WARN_UNINITIALIZED_AUTOS = YES_AGGRESSIVE;
				GCC_WARN_UNUSED_FUNCTION = YES;
				GCC_WARN_UNUSED_VARIABLE = YES;
				IPHONEOS_DEPLOYMENT_TARGET = 10.0;
				MTL_ENABLE_DEBUG_INFO = YES;
				ONLY_ACTIVE_ARCH = YES;
				SDKROOT = iphoneos;
				SWIFT_ACTIVE_COMPILATION_CONDITIONS = DEBUG;
				SWIFT_OPTIMIZATION_LEVEL = "-Onone";
				TARGETED_DEVICE_FAMILY = "1,2";
			};
			name = Debug;
		};
		9FFBB60D1DAFFDA1009C6182 /* Release */ = {
			isa = XCBuildConfiguration;
			buildSettings = {
				ALWAYS_SEARCH_USER_PATHS = NO;
				CLANG_ANALYZER_NONNULL = YES;
				CLANG_CXX_LANGUAGE_STANDARD = "gnu++0x";
				CLANG_CXX_LIBRARY = "libc++";
				CLANG_ENABLE_MODULES = YES;
				CLANG_ENABLE_OBJC_ARC = YES;
				CLANG_WARN_BOOL_CONVERSION = YES;
				CLANG_WARN_CONSTANT_CONVERSION = YES;
				CLANG_WARN_DIRECT_OBJC_ISA_USAGE = YES_ERROR;
				CLANG_WARN_DOCUMENTATION_COMMENTS = YES;
				CLANG_WARN_EMPTY_BODY = YES;
				CLANG_WARN_ENUM_CONVERSION = YES;
				CLANG_WARN_INFINITE_RECURSION = YES;
				CLANG_WARN_INT_CONVERSION = YES;
				CLANG_WARN_OBJC_ROOT_CLASS = YES_ERROR;
				CLANG_WARN_SUSPICIOUS_MOVE = YES;
				CLANG_WARN_SUSPICIOUS_MOVES = YES;
				CLANG_WARN_UNREACHABLE_CODE = YES;
				CLANG_WARN__DUPLICATE_METHOD_MATCH = YES;
				"CODE_SIGN_IDENTITY[sdk=iphoneos*]" = "iPhone Developer";
				COPY_PHASE_STRIP = NO;
				DEBUG_INFORMATION_FORMAT = "dwarf-with-dsym";
				ENABLE_NS_ASSERTIONS = NO;
				ENABLE_STRICT_OBJC_MSGSEND = YES;
				GCC_C_LANGUAGE_STANDARD = gnu99;
				GCC_NO_COMMON_BLOCKS = YES;
				GCC_WARN_64_TO_32_BIT_CONVERSION = YES;
				GCC_WARN_ABOUT_RETURN_TYPE = YES_ERROR;
				GCC_WARN_UNDECLARED_SELECTOR = YES;
				GCC_WARN_UNINITIALIZED_AUTOS = YES_AGGRESSIVE;
				GCC_WARN_UNUSED_FUNCTION = YES;
				GCC_WARN_UNUSED_VARIABLE = YES;
				IPHONEOS_DEPLOYMENT_TARGET = 10.0;
				MTL_ENABLE_DEBUG_INFO = NO;
				SDKROOT = iphoneos;
				SWIFT_OPTIMIZATION_LEVEL = "-Owholemodule";
				TARGETED_DEVICE_FAMILY = "1,2";
				VALIDATE_PRODUCT = YES;
			};
			name = Release;
		};
		9FFBB60F1DAFFDA1009C6182 /* Debug */ = {
			isa = XCBuildConfiguration;
			buildSettings = {
				ALWAYS_EMBED_SWIFT_STANDARD_LIBRARIES = YES;
				ASSETCATALOG_COMPILER_APPICON_NAME = AppIcon;
				DEVELOPMENT_TEAM = 5TL236FN6U;
				INFOPLIST_FILE = FrontPage/Info.plist;
				IPHONEOS_DEPLOYMENT_TARGET = 8.0;
				LD_RUNPATH_SEARCH_PATHS = "$(inherited) @executable_path/Frameworks";
				PRODUCT_BUNDLE_IDENTIFIER = com.apollodata.examples.FrontPage;
				PRODUCT_NAME = "$(TARGET_NAME)";
				SWIFT_VERSION = 3.0;
			};
			name = Debug;
		};
		9FFBB6101DAFFDA1009C6182 /* Release */ = {
			isa = XCBuildConfiguration;
			buildSettings = {
				ALWAYS_EMBED_SWIFT_STANDARD_LIBRARIES = YES;
				ASSETCATALOG_COMPILER_APPICON_NAME = AppIcon;
				DEVELOPMENT_TEAM = 5TL236FN6U;
				INFOPLIST_FILE = FrontPage/Info.plist;
				IPHONEOS_DEPLOYMENT_TARGET = 8.0;
				LD_RUNPATH_SEARCH_PATHS = "$(inherited) @executable_path/Frameworks";
				PRODUCT_BUNDLE_IDENTIFIER = com.apollodata.examples.FrontPage;
				PRODUCT_NAME = "$(TARGET_NAME)";
				SWIFT_VERSION = 3.0;
			};
			name = Release;
		};
/* End XCBuildConfiguration section */

/* Begin XCConfigurationList section */
		9FFBB5F71DAFFDA1009C6182 /* Build configuration list for PBXProject "FrontPage" */ = {
			isa = XCConfigurationList;
			buildConfigurations = (
				9FFBB60C1DAFFDA1009C6182 /* Debug */,
				9FFBB60D1DAFFDA1009C6182 /* Release */,
			);
			defaultConfigurationIsVisible = 0;
			defaultConfigurationName = Release;
		};
		9FFBB60E1DAFFDA1009C6182 /* Build configuration list for PBXNativeTarget "FrontPage" */ = {
			isa = XCConfigurationList;
			buildConfigurations = (
				9FFBB60F1DAFFDA1009C6182 /* Debug */,
				9FFBB6101DAFFDA1009C6182 /* Release */,
			);
			defaultConfigurationIsVisible = 0;
			defaultConfigurationName = Release;
		};
/* End XCConfigurationList section */
	};
	rootObject = 9FFBB5F41DAFFDA1009C6182 /* Project object */;
}
